// !$*UTF8*$!
{
	archiveVersion = 1;
	classes = {
	};
	objectVersion = 46;
	objects = {

/* Begin PBXBuildFile section */
		E24E1B261A33AEB80080D26D /* Foundation.framework in Frameworks */ = {isa = PBXBuildFile; fileRef = E24E1B251A33AEB80080D26D /* Foundation.framework */; };
		E24E1B281A33AEB80080D26D /* CoreGraphics.framework in Frameworks */ = {isa = PBXBuildFile; fileRef = E24E1B271A33AEB80080D26D /* CoreGraphics.framework */; };
		E24E1B2A1A33AEB80080D26D /* UIKit.framework in Frameworks */ = {isa = PBXBuildFile; fileRef = E24E1B291A33AEB80080D26D /* UIKit.framework */; };
		E24E1B301A33AEB80080D26D /* InfoPlist.strings in Resources */ = {isa = PBXBuildFile; fileRef = E24E1B2E1A33AEB80080D26D /* InfoPlist.strings */; };
		E24E1B321A33AEB80080D26D /* main.m in Sources */ = {isa = PBXBuildFile; fileRef = E24E1B311A33AEB80080D26D /* main.m */; };
		E24E1B361A33AEB80080D26D /* AXCAppDelegate.m in Sources */ = {isa = PBXBuildFile; fileRef = E24E1B351A33AEB80080D26D /* AXCAppDelegate.m */; };
		E24E1B391A33AEB80080D26D /* Main.storyboard in Resources */ = {isa = PBXBuildFile; fileRef = E24E1B371A33AEB80080D26D /* Main.storyboard */; };
		E24E1B3C1A33AEB80080D26D /* AXCViewController.m in Sources */ = {isa = PBXBuildFile; fileRef = E24E1B3B1A33AEB80080D26D /* AXCViewController.m */; };
		E24E1B3E1A33AEB80080D26D /* Images.xcassets in Resources */ = {isa = PBXBuildFile; fileRef = E24E1B3D1A33AEB80080D26D /* Images.xcassets */; };
		E24E1B451A33AEB80080D26D /* XCTest.framework in Frameworks */ = {isa = PBXBuildFile; fileRef = E24E1B441A33AEB80080D26D /* XCTest.framework */; };
		E24E1B461A33AEB80080D26D /* Foundation.framework in Frameworks */ = {isa = PBXBuildFile; fileRef = E24E1B251A33AEB80080D26D /* Foundation.framework */; };
		E24E1B471A33AEB80080D26D /* UIKit.framework in Frameworks */ = {isa = PBXBuildFile; fileRef = E24E1B291A33AEB80080D26D /* UIKit.framework */; };
		E24E1B4F1A33AEB80080D26D /* InfoPlist.strings in Resources */ = {isa = PBXBuildFile; fileRef = E24E1B4D1A33AEB80080D26D /* InfoPlist.strings */; };
		E24E1B511A33AEB80080D26D /* Prospect_POCTests.m in Sources */ = {isa = PBXBuildFile; fileRef = E24E1B501A33AEB80080D26D /* Prospect_POCTests.m */; };
/* End PBXBuildFile section */

/* Begin PBXContainerItemProxy section */
		E24E1B481A33AEB80080D26D /* PBXContainerItemProxy */ = {
			isa = PBXContainerItemProxy;
			containerPortal = E24E1B1A1A33AEB80080D26D /* Project object */;
			proxyType = 1;
			remoteGlobalIDString = E24E1B211A33AEB80080D26D;
			remoteInfo = "Prospect POC";
		};
/* End PBXContainerItemProxy section */

/* Begin PBXFileReference section */
		E24E1B221A33AEB80080D26D /* Prospect POC.app */ = {isa = PBXFileReference; explicitFileType = wrapper.application; includeInIndex = 0; path = "Prospect POC.app"; sourceTree = BUILT_PRODUCTS_DIR; };
		E24E1B251A33AEB80080D26D /* Foundation.framework */ = {isa = PBXFileReference; lastKnownFileType = wrapper.framework; name = Foundation.framework; path = System/Library/Frameworks/Foundation.framework; sourceTree = SDKROOT; };
		E24E1B271A33AEB80080D26D /* CoreGraphics.framework */ = {isa = PBXFileReference; lastKnownFileType = wrapper.framework; name = CoreGraphics.framework; path = System/Library/Frameworks/CoreGraphics.framework; sourceTree = SDKROOT; };
		E24E1B291A33AEB80080D26D /* UIKit.framework */ = {isa = PBXFileReference; lastKnownFileType = wrapper.framework; name = UIKit.framework; path = System/Library/Frameworks/UIKit.framework; sourceTree = SDKROOT; };
		E24E1B2D1A33AEB80080D26D /* Prospect POC-Info.plist */ = {isa = PBXFileReference; lastKnownFileType = text.plist.xml; path = "Prospect POC-Info.plist"; sourceTree = "<group>"; };
		E24E1B2F1A33AEB80080D26D /* en */ = {isa = PBXFileReference; lastKnownFileType = text.plist.strings; name = en; path = en.lproj/InfoPlist.strings; sourceTree = "<group>"; };
		E24E1B311A33AEB80080D26D /* main.m */ = {isa = PBXFileReference; lastKnownFileType = sourcecode.c.objc; path = main.m; sourceTree = "<group>"; };
		E24E1B331A33AEB80080D26D /* Prospect POC-Prefix.pch */ = {isa = PBXFileReference; lastKnownFileType = sourcecode.c.h; path = "Prospect POC-Prefix.pch"; sourceTree = "<group>"; };
		E24E1B341A33AEB80080D26D /* AXCAppDelegate.h */ = {isa = PBXFileReference; lastKnownFileType = sourcecode.c.h; path = AXCAppDelegate.h; sourceTree = "<group>"; };
		E24E1B351A33AEB80080D26D /* AXCAppDelegate.m */ = {isa = PBXFileReference; lastKnownFileType = sourcecode.c.objc; path = AXCAppDelegate.m; sourceTree = "<group>"; };
		E24E1B381A33AEB80080D26D /* Base */ = {isa = PBXFileReference; lastKnownFileType = file.storyboard; name = Base; path = Base.lproj/Main.storyboard; sourceTree = "<group>"; };
		E24E1B3A1A33AEB80080D26D /* AXCViewController.h */ = {isa = PBXFileReference; lastKnownFileType = sourcecode.c.h; path = AXCViewController.h; sourceTree = "<group>"; };
		E24E1B3B1A33AEB80080D26D /* AXCViewController.m */ = {isa = PBXFileReference; lastKnownFileType = sourcecode.c.objc; path = AXCViewController.m; sourceTree = "<group>"; };
		E24E1B3D1A33AEB80080D26D /* Images.xcassets */ = {isa = PBXFileReference; lastKnownFileType = folder.assetcatalog; path = Images.xcassets; sourceTree = "<group>"; };
		E24E1B431A33AEB80080D26D /* Prospect POCTests.xctest */ = {isa = PBXFileReference; explicitFileType = wrapper.cfbundle; includeInIndex = 0; path = "Prospect POCTests.xctest"; sourceTree = BUILT_PRODUCTS_DIR; };
		E24E1B441A33AEB80080D26D /* XCTest.framework */ = {isa = PBXFileReference; lastKnownFileType = wrapper.framework; name = XCTest.framework; path = Library/Frameworks/XCTest.framework; sourceTree = DEVELOPER_DIR; };
		E24E1B4C1A33AEB80080D26D /* Prospect POCTests-Info.plist */ = {isa = PBXFileReference; lastKnownFileType = text.plist.xml; path = "Prospect POCTests-Info.plist"; sourceTree = "<group>"; };
		E24E1B4E1A33AEB80080D26D /* en */ = {isa = PBXFileReference; lastKnownFileType = text.plist.strings; name = en; path = en.lproj/InfoPlist.strings; sourceTree = "<group>"; };
		E24E1B501A33AEB80080D26D /* Prospect_POCTests.m */ = {isa = PBXFileReference; lastKnownFileType = sourcecode.c.objc; path = Prospect_POCTests.m; sourceTree = "<group>"; };
/* End PBXFileReference section */

/* Begin PBXFrameworksBuildPhase section */
		E24E1B1F1A33AEB80080D26D /* Frameworks */ = {
			isa = PBXFrameworksBuildPhase;
			buildActionMask = 2147483647;
			files = (
				E24E1B281A33AEB80080D26D /* CoreGraphics.framework in Frameworks */,
				E24E1B2A1A33AEB80080D26D /* UIKit.framework in Frameworks */,
				E24E1B261A33AEB80080D26D /* Foundation.framework in Frameworks */,
			);
			runOnlyForDeploymentPostprocessing = 0;
		};
		E24E1B401A33AEB80080D26D /* Frameworks */ = {
			isa = PBXFrameworksBuildPhase;
			buildActionMask = 2147483647;
			files = (
				E24E1B451A33AEB80080D26D /* XCTest.framework in Frameworks */,
				E24E1B471A33AEB80080D26D /* UIKit.framework in Frameworks */,
				E24E1B461A33AEB80080D26D /* Foundation.framework in Frameworks */,
			);
			runOnlyForDeploymentPostprocessing = 0;
		};
/* End PBXFrameworksBuildPhase section */

/* Begin PBXGroup section */
		E24E1B191A33AEB80080D26D = {
			isa = PBXGroup;
			children = (
				E24E1B2B1A33AEB80080D26D /* Prospect POC */,
				E24E1B4A1A33AEB80080D26D /* Prospect POCTests */,
				E24E1B241A33AEB80080D26D /* Frameworks */,
				E24E1B231A33AEB80080D26D /* Products */,
			);
			sourceTree = "<group>";
		};
		E24E1B231A33AEB80080D26D /* Products */ = {
			isa = PBXGroup;
			children = (
				E24E1B221A33AEB80080D26D /* Prospect POC.app */,
				E24E1B431A33AEB80080D26D /* Prospect POCTests.xctest */,
			);
			name = Products;
			sourceTree = "<group>";
		};
		E24E1B241A33AEB80080D26D /* Frameworks */ = {
			isa = PBXGroup;
			children = (
				E24E1B251A33AEB80080D26D /* Foundation.framework */,
				E24E1B271A33AEB80080D26D /* CoreGraphics.framework */,
				E24E1B291A33AEB80080D26D /* UIKit.framework */,
				E24E1B441A33AEB80080D26D /* XCTest.framework */,
			);
			name = Frameworks;
			sourceTree = "<group>";
		};
		E24E1B2B1A33AEB80080D26D /* Prospect POC */ = {
			isa = PBXGroup;
			children = (
				E24E1B341A33AEB80080D26D /* AXCAppDelegate.h */,
				E24E1B351A33AEB80080D26D /* AXCAppDelegate.m */,
				E24E1B371A33AEB80080D26D /* Main.storyboard */,
				E24E1B3A1A33AEB80080D26D /* AXCViewController.h */,
				E24E1B3B1A33AEB80080D26D /* AXCViewController.m */,
				E24E1B3D1A33AEB80080D26D /* Images.xcassets */,
				E24E1B2C1A33AEB80080D26D /* Supporting Files */,
			);
			path = "Prospect POC";
			sourceTree = "<group>";
		};
		E24E1B2C1A33AEB80080D26D /* Supporting Files */ = {
			isa = PBXGroup;
			children = (
				E24E1B2D1A33AEB80080D26D /* Prospect POC-Info.plist */,
				E24E1B2E1A33AEB80080D26D /* InfoPlist.strings */,
				E24E1B311A33AEB80080D26D /* main.m */,
				E24E1B331A33AEB80080D26D /* Prospect POC-Prefix.pch */,
			);
			name = "Supporting Files";
			sourceTree = "<group>";
		};
		E24E1B4A1A33AEB80080D26D /* Prospect POCTests */ = {
			isa = PBXGroup;
			children = (
				E24E1B501A33AEB80080D26D /* Prospect_POCTests.m */,
				E24E1B4B1A33AEB80080D26D /* Supporting Files */,
			);
			path = "Prospect POCTests";
			sourceTree = "<group>";
		};
		E24E1B4B1A33AEB80080D26D /* Supporting Files */ = {
			isa = PBXGroup;
			children = (
				E24E1B4C1A33AEB80080D26D /* Prospect POCTests-Info.plist */,
				E24E1B4D1A33AEB80080D26D /* InfoPlist.strings */,
			);
			name = "Supporting Files";
			sourceTree = "<group>";
		};
/* End PBXGroup section */

/* Begin PBXNativeTarget section */
		E24E1B211A33AEB80080D26D /* Prospect POC */ = {
			isa = PBXNativeTarget;
			buildConfigurationList = E24E1B541A33AEB80080D26D /* Build configuration list for PBXNativeTarget "Prospect POC" */;
			buildPhases = (
				E24E1B1E1A33AEB80080D26D /* Sources */,
				E24E1B1F1A33AEB80080D26D /* Frameworks */,
				E24E1B201A33AEB80080D26D /* Resources */,
			);
			buildRules = (
			);
			dependencies = (
			);
			name = "Prospect POC";
			productName = "Prospect POC";
			productReference = E24E1B221A33AEB80080D26D /* Prospect POC.app */;
			productType = "com.apple.product-type.application";
		};
		E24E1B421A33AEB80080D26D /* Prospect POCTests */ = {
			isa = PBXNativeTarget;
			buildConfigurationList = E24E1B571A33AEB80080D26D /* Build configuration list for PBXNativeTarget "Prospect POCTests" */;
			buildPhases = (
				E24E1B3F1A33AEB80080D26D /* Sources */,
				E24E1B401A33AEB80080D26D /* Frameworks */,
				E24E1B411A33AEB80080D26D /* Resources */,
			);
			buildRules = (
			);
			dependencies = (
				E24E1B491A33AEB80080D26D /* PBXTargetDependency */,
			);
			name = "Prospect POCTests";
			productName = "Prospect POCTests";
			productReference = E24E1B431A33AEB80080D26D /* Prospect POCTests.xctest */;
			productType = "com.apple.product-type.bundle.unit-test";
		};
/* End PBXNativeTarget section */

/* Begin PBXProject section */
		E24E1B1A1A33AEB80080D26D /* Project object */ = {
			isa = PBXProject;
			attributes = {
				CLASSPREFIX = AXC;
				LastUpgradeCheck = 0510;
				ORGANIZATIONNAME = HCL;
				TargetAttributes = {
					E24E1B421A33AEB80080D26D = {
						TestTargetID = E24E1B211A33AEB80080D26D;
					};
				};
			};
			buildConfigurationList = E24E1B1D1A33AEB80080D26D /* Build configuration list for PBXProject "Prospect POC" */;
			compatibilityVersion = "Xcode 3.2";
			developmentRegion = English;
			hasScannedForEncodings = 0;
			knownRegions = (
				en,
				Base,
			);
			mainGroup = E24E1B191A33AEB80080D26D;
			productRefGroup = E24E1B231A33AEB80080D26D /* Products */;
			projectDirPath = "";
			projectRoot = "";
			targets = (
				E24E1B211A33AEB80080D26D /* Prospect POC */,
				E24E1B421A33AEB80080D26D /* Prospect POCTests */,
			);
		};
/* End PBXProject section */

/* Begin PBXResourcesBuildPhase section */
		E24E1B201A33AEB80080D26D /* Resources */ = {
			isa = PBXResourcesBuildPhase;
			buildActionMask = 2147483647;
			files = (
				E24E1B3E1A33AEB80080D26D /* Images.xcassets in Resources */,
				E24E1B301A33AEB80080D26D /* InfoPlist.strings in Resources */,
				E24E1B391A33AEB80080D26D /* Main.storyboard in Resources */,
			);
			runOnlyForDeploymentPostprocessing = 0;
		};
		E24E1B411A33AEB80080D26D /* Resources */ = {
			isa = PBXResourcesBuildPhase;
			buildActionMask = 2147483647;
			files = (
				E24E1B4F1A33AEB80080D26D /* InfoPlist.strings in Resources */,
			);
			runOnlyForDeploymentPostprocessing = 0;
		};
/* End PBXResourcesBuildPhase section */

/* Begin PBXSourcesBuildPhase section */
		E24E1B1E1A33AEB80080D26D /* Sources */ = {
			isa = PBXSourcesBuildPhase;
			buildActionMask = 2147483647;
			files = (
				E24E1B321A33AEB80080D26D /* main.m in Sources */,
				E24E1B361A33AEB80080D26D /* AXCAppDelegate.m in Sources */,
				E24E1B3C1A33AEB80080D26D /* AXCViewController.m in Sources */,
			);
			runOnlyForDeploymentPostprocessing = 0;
		};
		E24E1B3F1A33AEB80080D26D /* Sources */ = {
			isa = PBXSourcesBuildPhase;
			buildActionMask = 2147483647;
			files = (
				E24E1B511A33AEB80080D26D /* Prospect_POCTests.m in Sources */,
			);
			runOnlyForDeploymentPostprocessing = 0;
		};
/* End PBXSourcesBuildPhase section */

/* Begin PBXTargetDependency section */
		E24E1B491A33AEB80080D26D /* PBXTargetDependency */ = {
			isa = PBXTargetDependency;
			target = E24E1B211A33AEB80080D26D /* Prospect POC */;
			targetProxy = E24E1B481A33AEB80080D26D /* PBXContainerItemProxy */;
		};
/* End PBXTargetDependency section */

/* Begin PBXVariantGroup section */
		E24E1B2E1A33AEB80080D26D /* InfoPlist.strings */ = {
			isa = PBXVariantGroup;
			children = (
				E24E1B2F1A33AEB80080D26D /* en */,
			);
			name = InfoPlist.strings;
			sourceTree = "<group>";
		};
		E24E1B371A33AEB80080D26D /* Main.storyboard */ = {
			isa = PBXVariantGroup;
			children = (
				E24E1B381A33AEB80080D26D /* Base */,
			);
			name = Main.storyboard;
			sourceTree = "<group>";
		};
		E24E1B4D1A33AEB80080D26D /* InfoPlist.strings */ = {
			isa = PBXVariantGroup;
			children = (
				E24E1B4E1A33AEB80080D26D /* en */,
			);
			name = InfoPlist.strings;
			sourceTree = "<group>";
		};
/* End PBXVariantGroup section */

/* Begin XCBuildConfiguration section */
		E24E1B521A33AEB80080D26D /* Debug */ = {
			isa = XCBuildConfiguration;
			buildSettings = {
				ALWAYS_SEARCH_USER_PATHS = NO;
				CLANG_CXX_LANGUAGE_STANDARD = "gnu++0x";
				CLANG_CXX_LIBRARY = "libc++";
				CLANG_ENABLE_MODULES = YES;
				CLANG_ENABLE_OBJC_ARC = YES;
				CLANG_WARN_BOOL_CONVERSION = YES;
				CLANG_WARN_CONSTANT_CONVERSION = YES;
				CLANG_WARN_DIRECT_OBJC_ISA_USAGE = YES_ERROR;
				CLANG_WARN_EMPTY_BODY = YES;
				CLANG_WARN_ENUM_CONVERSION = YES;
				CLANG_WARN_INT_CONVERSION = YES;
				CLANG_WARN_OBJC_ROOT_CLASS = YES_ERROR;
				CLANG_WARN__DUPLICATE_METHOD_MATCH = YES;
				"CODE_SIGN_IDENTITY[sdk=iphoneos*]" = "iPhone Developer";
				COPY_PHASE_STRIP = NO;
				GCC_C_LANGUAGE_STANDARD = gnu99;
				GCC_DYNAMIC_NO_PIC = NO;
				GCC_OPTIMIZATION_LEVEL = 0;
				GCC_PREPROCESSOR_DEFINITIONS = (
					"DEBUG=1",
					"$(inherited)",
				);
				GCC_SYMBOLS_PRIVATE_EXTERN = NO;
				GCC_WARN_64_TO_32_BIT_CONVERSION = YES;
				GCC_WARN_ABOUT_RETURN_TYPE = YES_ERROR;
				GCC_WARN_UNDECLARED_SELECTOR = YES;
				GCC_WARN_UNINITIALIZED_AUTOS = YES_AGGRESSIVE;
				GCC_WARN_UNUSED_FUNCTION = YES;
				GCC_WARN_UNUSED_VARIABLE = YES;
				IPHONEOS_DEPLOYMENT_TARGET = 7.1;
				ONLY_ACTIVE_ARCH = YES;
				SDKROOT = iphoneos;
			};
			name = Debug;
		};
		E24E1B531A33AEB80080D26D /* Release */ = {
			isa = XCBuildConfiguration;
			buildSettings = {
				ALWAYS_SEARCH_USER_PATHS = NO;
				CLANG_CXX_LANGUAGE_STANDARD = "gnu++0x";
				CLANG_CXX_LIBRARY = "libc++";
				CLANG_ENABLE_MODULES = YES;
				CLANG_ENABLE_OBJC_ARC = YES;
				CLANG_WARN_BOOL_CONVERSION = YES;
				CLANG_WARN_CONSTANT_CONVERSION = YES;
				CLANG_WARN_DIRECT_OBJC_ISA_USAGE = YES_ERROR;
				CLANG_WARN_EMPTY_BODY = YES;
				CLANG_WARN_ENUM_CONVERSION = YES;
				CLANG_WARN_INT_CONVERSION = YES;
				CLANG_WARN_OBJC_ROOT_CLASS = YES_ERROR;
				CLANG_WARN__DUPLICATE_METHOD_MATCH = YES;
				"CODE_SIGN_IDENTITY[sdk=iphoneos*]" = "iPhone Developer";
				COPY_PHASE_STRIP = YES;
				ENABLE_NS_ASSERTIONS = NO;
				GCC_C_LANGUAGE_STANDARD = gnu99;
				GCC_WARN_64_TO_32_BIT_CONVERSION = YES;
				GCC_WARN_ABOUT_RETURN_TYPE = YES_ERROR;
				GCC_WARN_UNDECLARED_SELECTOR = YES;
				GCC_WARN_UNINITIALIZED_AUTOS = YES_AGGRESSIVE;
				GCC_WARN_UNUSED_FUNCTION = YES;
				GCC_WARN_UNUSED_VARIABLE = YES;
				IPHONEOS_DEPLOYMENT_TARGET = 7.1;
				SDKROOT = iphoneos;
				VALIDATE_PRODUCT = YES;
			};
			name = Release;
		};
		E24E1B551A33AEB80080D26D /* Debug */ = {
			isa = XCBuildConfiguration;
			buildSettings = {
				ASSETCATALOG_COMPILER_APPICON_NAME = AppIcon;
				ASSETCATALOG_COMPILER_LAUNCHIMAGE_NAME = LaunchImage;
				GCC_PRECOMPILE_PREFIX_HEADER = YES;
				GCC_PREFIX_HEADER = "Prospect POC/Prospect POC-Prefix.pch";
				INFOPLIST_FILE = "Prospect POC/Prospect POC-Info.plist";
				PRODUCT_NAME = "$(TARGET_NAME)";
				WRAPPER_EXTENSION = app;
			};
			name = Debug;
		};
		E24E1B561A33AEB80080D26D /* Release */ = {
			isa = XCBuildConfiguration;
			buildSettings = {
				ASSETCATALOG_COMPILER_APPICON_NAME = AppIcon;
				ASSETCATALOG_COMPILER_LAUNCHIMAGE_NAME = LaunchImage;
				GCC_PRECOMPILE_PREFIX_HEADER = YES;
				GCC_PREFIX_HEADER = "Prospect POC/Prospect POC-Prefix.pch";
				INFOPLIST_FILE = "Prospect POC/Prospect POC-Info.plist";
				PRODUCT_NAME = "$(TARGET_NAME)";
				WRAPPER_EXTENSION = app;
			};
			name = Release;
		};
		E24E1B581A33AEB80080D26D /* Debug */ = {
			isa = XCBuildConfiguration;
			buildSettings = {
				BUNDLE_LOADER = "$(BUILT_PRODUCTS_DIR)/Prospect POC.app/Prospect POC";
				FRAMEWORK_SEARCH_PATHS = (
					"$(SDKROOT)/Developer/Library/Frameworks",
					"$(inherited)",
					"$(DEVELOPER_FRAMEWORKS_DIR)",
				);
				GCC_PRECOMPILE_PREFIX_HEADER = YES;
				GCC_PREFIX_HEADER = "Prospect POC/Prospect POC-Prefix.pch";
				GCC_PREPROCESSOR_DEFINITIONS = (
					"DEBUG=1",
					"$(inherited)",
				);
				INFOPLIST_FILE = "Prospect POCTests/Prospect POCTests-Info.plist";
				PRODUCT_NAME = "$(TARGET_NAME)";
				TEST_HOST = "$(BUNDLE_LOADER)";
				WRAPPER_EXTENSION = xctest;
			};
			name = Debug;
		};
		E24E1B591A33AEB80080D26D /* Release */ = {
			isa = XCBuildConfiguration;
			buildSettings = {
				BUNDLE_LOADER = "$(BUILT_PRODUCTS_DIR)/Prospect POC.app/Prospect POC";
				FRAMEWORK_SEARCH_PATHS = (
					"$(SDKROOT)/Developer/Library/Frameworks",
					"$(inherited)",
					"$(DEVELOPER_FRAMEWORKS_DIR)",
				);
				GCC_PRECOMPILE_PREFIX_HEADER = YES;
				GCC_PREFIX_HEADER = "Prospect POC/Prospect POC-Prefix.pch";
				INFOPLIST_FILE = "Prospect POCTests/Prospect POCTests-Info.plist";
				PRODUCT_NAME = "$(TARGET_NAME)";
				TEST_HOST = "$(BUNDLE_LOADER)";
				WRAPPER_EXTENSION = xctest;
			};
			name = Release;
		};
/* End XCBuildConfiguration section */

/* Begin XCConfigurationList section */
		E24E1B1D1A33AEB80080D26D /* Build configuration list for PBXProject "Prospect POC" */ = {
			isa = XCConfigurationList;
			buildConfigurations = (
				E24E1B521A33AEB80080D26D /* Debug */,
				E24E1B531A33AEB80080D26D /* Release */,
			);
			defaultConfigurationIsVisible = 0;
			defaultConfigurationName = Release;
		};
		E24E1B541A33AEB80080D26D /* Build configuration list for PBXNativeTarget "Prospect POC" */ = {
			isa = XCConfigurationList;
			buildConfigurations = (
				E24E1B551A33AEB80080D26D /* Debug */,
				E24E1B561A33AEB80080D26D /* Release */,
			);
			defaultConfigurationIsVisible = 0;
		};
		E24E1B571A33AEB80080D26D /* Build configuration list for PBXNativeTarget "Prospect POCTests" */ = {
			isa = XCConfigurationList;
			buildConfigurations = (
				E24E1B581A33AEB80080D26D /* Debug */,
				E24E1B591A33AEB80080D26D /* Release */,
			);
			defaultConfigurationIsVisible = 0;
		};
/* End XCConfigurationList section */
	};
	rootObject = E24E1B1A1A33AEB80080D26D /* Project object */;
}
